<?xml version="1.0" encoding="utf-8"?>
<Project ToolsVersion="4.0" xmlns="http://schemas.microsoft.com/developer/msbuild/2003">
  <ItemGroup>
    <Filter Include="소스 파일">
      <UniqueIdentifier>{4FC737F1-C7A5-4376-A066-2A32D752A2FF}</UniqueIdentifier>
      <Extensions>cpp;c;cc;cxx;def;odl;idl;hpj;bat;asm;asmx</Extensions>
    </Filter>
    <Filter Include="헤더 파일">
      <UniqueIdentifier>{93995380-89BD-4b04-88EB-625FBE52EBFB}</UniqueIdentifier>
      <Extensions>h;hh;hpp;hxx;hm;inl;inc;xsd</Extensions>
    </Filter>
    <Filter Include="리소스 파일">
      <UniqueIdentifier>{67DA6AB6-F800-4c08-8B7A-83BB121AAD01}</UniqueIdentifier>
      <Extensions>rc;ico;cur;bmp;dlg;rc2;rct;bin;rgs;gif;jpg;jpeg;jpe;resx;tiff;tif;png;wav;mfcribbon-ms</Extensions>
    </Filter>
  </ItemGroup>
  <ItemGroup>
    <ClInclude Include="stdafx.h">
      <Filter>헤더 파일</Filter>
    </ClInclude>
    <ClInclude Include="targetver.h">
      <Filter>헤더 파일</Filter>
    </ClInclude>
    <ClInclude Include="resource.h">
      <Filter>헤더 파일</Filter>
    </ClInclude>
    <ClInclude Include="SaliencyPainterlyRendering.h">
      <Filter>헤더 파일</Filter>
    </ClInclude>
    <ClInclude Include="RenderingImage.h">
      <Filter>헤더 파일</Filter>
    </ClInclude>
    <ClInclude Include="bsShowImage.h">
      <Filter>헤더 파일</Filter>
    </ClInclude>
    <ClInclude Include="QuadTree.h">
      <Filter>헤더 파일</Filter>
    </ClInclude>
    <ClInclude Include="Judgement.h">
      <Filter>헤더 파일</Filter>
    </ClInclude>
    <ClInclude Include="debug_image.h">
      <Filter>헤더 파일</Filter>
    </ClInclude>
    <ClInclude Include="global.h">
      <Filter>헤더 파일</Filter>
    </ClInclude>
    <ClInclude Include="extern.h">
      <Filter>헤더 파일</Filter>
    </ClInclude>
    <ClInclude Include="image_util.h">
      <Filter>헤더 파일</Filter>
    </ClInclude>
    <ClInclude Include="util.h">
      <Filter>헤더 파일</Filter>
    </ClInclude>
    <ClInclude Include="formatstring.h">
      <Filter>헤더 파일</Filter>
    </ClInclude>
    <ClInclude Include="brush.h">
      <Filter>헤더 파일</Filter>
    </ClInclude>
    <ClInclude Include="debug_define.h">
      <Filter>헤더 파일</Filter>
    </ClInclude>
    <ClInclude Include="json\json.h">
      <Filter>헤더 파일</Filter>
    </ClInclude>
    <ClInclude Include="json\json-forwards.h">
      <Filter>헤더 파일</Filter>
    </ClInclude>
    <ClInclude Include="use_json.h">
      <Filter>헤더 파일</Filter>
    </ClInclude>
    <ClInclude Include="json_read.h">
      <Filter>헤더 파일</Filter>
    </ClInclude>
    <ClInclude Include="dir.h">
      <Filter>헤더 파일</Filter>
    </ClInclude>
    <ClInclude Include="set_result_path.h">
      <Filter>헤더 파일</Filter>
    </ClInclude>
    <ClInclude Include="pregraph\SLIC.h">
      <Filter>헤더 파일</Filter>
    </ClInclude>
    <ClInclude Include="pregraph\saliency_PreGraph.h">
      <Filter>헤더 파일</Filter>
    </ClInclude>
    <ClInclude Include="saliency_blackandwhite.h">
      <Filter>헤더 파일</Filter>
    </ClInclude>
    <ClInclude Include="saliency_main.h">
      <Filter>헤더 파일</Filter>
    </ClInclude>
    <ClInclude Include="g_setup.h">
      <Filter>헤더 파일</Filter>
    </ClInclude>
    <ClInclude Include="json_write.h">
      <Filter>헤더 파일</Filter>
    </ClInclude>
    <ClInclude Include="p_rendering.h">
      <Filter>헤더 파일</Filter>
    </ClInclude>
    <ClInclude Include="rgb2hsv.h">
      <Filter>헤더 파일</Filter>
    </ClInclude>
    <ClInclude Include="define.h">
      <Filter>헤더 파일</Filter>
    </ClInclude>
    <ClInclude Include="debug_image_compare.h">
      <Filter>헤더 파일</Filter>
    </ClInclude>
    <ClInclude Include="saliency_itti.h">
      <Filter>헤더 파일</Filter>
    </ClInclude>
    <ClInclude Include="render_.h">
      <Filter>헤더 파일</Filter>
    </ClInclude>
    <ClInclude Include="saliency_perazzi.h">
      <Filter>헤더 파일</Filter>
    </ClInclude>
    <ClInclude Include="fastmath.h">
      <Filter>헤더 파일</Filter>
    </ClInclude>
    <ClInclude Include="filter.h">
      <Filter>헤더 파일</Filter>
    </ClInclude>
    <ClInclude Include="permutohedral.h">
      <Filter>헤더 파일</Filter>
    </ClInclude>
    <ClInclude Include="superpixel.h">
      <Filter>헤더 파일</Filter>
    </ClInclude>
    <ClInclude Include="sse_defs.h">
      <Filter>헤더 파일</Filter>
    </ClInclude>
    <ClInclude Include="cvQuiver.h">
      <Filter>헤더 파일</Filter>
    </ClInclude>
    <ClInclude Include="make_batch.h">
      <Filter>헤더 파일</Filter>
    </ClInclude>
    <ClInclude Include="time_stamp.h">
      <Filter>헤더 파일</Filter>
    </ClInclude>
  </ItemGroup>
  <ItemGroup>
    <ClCompile Include="stdafx.cpp">
      <Filter>소스 파일</Filter>
    </ClCompile>
    <ClCompile Include="SaliencyPainterlyRendering.cpp">
      <Filter>소스 파일</Filter>
    </ClCompile>
    <ClCompile Include="RenderingImage.cpp">
      <Filter>소스 파일</Filter>
    </ClCompile>
    <ClCompile Include="bsShowImage.cpp">
      <Filter>소스 파일</Filter>
    </ClCompile>
    <ClCompile Include="QuadTree.cpp">
      <Filter>소스 파일</Filter>
    </ClCompile>
    <ClCompile Include="Judgement.cpp">
      <Filter>소스 파일</Filter>
    </ClCompile>
    <ClCompile Include="util.cpp">
      <Filter>소스 파일</Filter>
    </ClCompile>
    <ClCompile Include="debug_image.cpp">
      <Filter>소스 파일</Filter>
    </ClCompile>
    <ClCompile Include="image_util.cpp">
      <Filter>소스 파일</Filter>
    </ClCompile>
    <ClCompile Include="formatstring.cpp">
      <Filter>소스 파일</Filter>
    </ClCompile>
    <ClCompile Include="brush.cpp">
      <Filter>소스 파일</Filter>
    </ClCompile>
    <ClCompile Include="jsoncpp.cpp">
      <Filter>소스 파일</Filter>
    </ClCompile>
    <ClCompile Include="json_read.cpp">
      <Filter>소스 파일</Filter>
    </ClCompile>
    <ClCompile Include="jsonwriter.cpp">
      <Filter>소스 파일</Filter>
    </ClCompile>
    <ClCompile Include="dir.cpp">
      <Filter>소스 파일</Filter>
    </ClCompile>
    <ClCompile Include="set_result_path.cpp">
      <Filter>소스 파일</Filter>
    </ClCompile>
    <ClCompile Include="pregraph\SLIC.cpp">
      <Filter>소스 파일</Filter>
    </ClCompile>
    <ClCompile Include="saliency_blackandwhite.cpp">
      <Filter>소스 파일</Filter>
    </ClCompile>
    <ClCompile Include="pregraph\saliency_PreGraph.cpp">
      <Filter>소스 파일</Filter>
    </ClCompile>
    <ClCompile Include="pregraph\saliency_pregraph_main.cpp">
      <Filter>소스 파일</Filter>
    </ClCompile>
    <ClCompile Include="brush_adjust.cpp">
      <Filter>소스 파일</Filter>
    </ClCompile>
    <ClCompile Include="saliencyPainter.cpp">
      <Filter>소스 파일</Filter>
    </ClCompile>
    <ClCompile Include="g_setup.cpp">
      <Filter>소스 파일</Filter>
    </ClCompile>
    <ClCompile Include="p_rendering.cpp">
      <Filter>소스 파일</Filter>
    </ClCompile>
    <ClCompile Include="rgb2hsv.cpp">
      <Filter>소스 파일</Filter>
    </ClCompile>
    <ClCompile Include="debug_image_compare.cpp">
      <Filter>소스 파일</Filter>
    </ClCompile>
    <ClCompile Include="saliency_itti_main.cpp">
      <Filter>소스 파일</Filter>
    </ClCompile>
    <ClCompile Include="saliency_itti.cpp">
      <Filter>소스 파일</Filter>
    </ClCompile>
    <ClCompile Include="render_.cpp">
      <Filter>소스 파일</Filter>
    </ClCompile>
    <ClCompile Include="brush_resize.cpp">
      <Filter>소스 파일</Filter>
    </ClCompile>
    <ClCompile Include="saliency_perazzi_main.cpp">
      <Filter>소스 파일</Filter>
    </ClCompile>
    <ClCompile Include="saliency_perazzi.cpp">
      <Filter>소스 파일</Filter>
    </ClCompile>
    <ClCompile Include="filter.cpp">
      <Filter>소스 파일</Filter>
    </ClCompile>
    <ClCompile Include="permutohedral.cpp">
      <Filter>소스 파일</Filter>
    </ClCompile>
    <ClCompile Include="superpixel.cpp">
      <Filter>소스 파일</Filter>
    </ClCompile>
    <ClCompile Include="cvQuiver.cpp">
      <Filter>소스 파일</Filter>
    </ClCompile>
    <ClCompile Include="LBPH.cpp">
      <Filter>소스 파일</Filter>
    </ClCompile>
    <ClCompile Include="make_batch.cpp">
      <Filter>소스 파일</Filter>
    </ClCompile>
    <ClCompile Include="time_stamp.cpp">
      <Filter>소스 파일</Filter>
    </ClCompile>
    <ClCompile Include="render_etc.cpp">
      <Filter>소스 파일</Filter>
    </ClCompile>
  </ItemGroup>
  <ItemGroup>
    <ResourceCompile Include="SaliencyPainterlyRendering.rc">
      <Filter>리소스 파일</Filter>
    </ResourceCompile>
  </ItemGroup>
</Project>